// !$*UTF8*$!
{
	archiveVersion = 1;
	classes = {
	};
	objectVersion = 46;
	objects = {

/* Begin PBXBuildFile section */
		15E296831B1F2542008F805B /* AppDelegate.swift in Sources */ = {isa = PBXBuildFile; fileRef = 15E296821B1F2542008F805B /* AppDelegate.swift */; };
		15E296851B1F2542008F805B /* ViewController.swift in Sources */ = {isa = PBXBuildFile; fileRef = 15E296841B1F2542008F805B /* ViewController.swift */; };
		15E296881B1F2542008F805B /* Main.storyboard in Resources */ = {isa = PBXBuildFile; fileRef = 15E296861B1F2542008F805B /* Main.storyboard */; };
		15E2968A1B1F2542008F805B /* Images.xcassets in Resources */ = {isa = PBXBuildFile; fileRef = 15E296891B1F2542008F805B /* Images.xcassets */; };
		15E2968D1B1F2542008F805B /* LaunchScreen.xib in Resources */ = {isa = PBXBuildFile; fileRef = 15E2968B1B1F2542008F805B /* LaunchScreen.xib */; };
		15E296991B1F2542008F805B /* MOB_Lesson2_21Tests.swift in Sources */ = {isa = PBXBuildFile; fileRef = 15E296981B1F2542008F805B /* MOB_Lesson2_21Tests.swift */; };
/* End PBXBuildFile section */

/* Begin PBXContainerItemProxy section */
		15E296931B1F2542008F805B /* PBXContainerItemProxy */ = {
			isa = PBXContainerItemProxy;
			containerPortal = 15E296751B1F2542008F805B /* Project object */;
			proxyType = 1;
			remoteGlobalIDString = 15E2967C1B1F2542008F805B;
			remoteInfo = "MOB-Lesson2-21";
		};
/* End PBXContainerItemProxy section */

/* Begin PBXFileReference section */
		15E2967D1B1F2542008F805B /* MOB-Lesson2-21.app */ = {isa = PBXFileReference; explicitFileType = wrapper.application; includeInIndex = 0; path = "MOB-Lesson2-21.app"; sourceTree = BUILT_PRODUCTS_DIR; };
		15E296811B1F2542008F805B /* Info.plist */ = {isa = PBXFileReference; lastKnownFileType = text.plist.xml; path = Info.plist; sourceTree = "<group>"; };
		15E296821B1F2542008F805B /* AppDelegate.swift */ = {isa = PBXFileReference; lastKnownFileType = sourcecode.swift; path = AppDelegate.swift; sourceTree = "<group>"; };
		15E296841B1F2542008F805B /* ViewController.swift */ = {isa = PBXFileReference; lastKnownFileType = sourcecode.swift; path = ViewController.swift; sourceTree = "<group>"; };
		15E296871B1F2542008F805B /* Base */ = {isa = PBXFileReference; lastKnownFileType = file.storyboard; name = Base; path = Base.lproj/Main.storyboard; sourceTree = "<group>"; };
		15E296891B1F2542008F805B /* Images.xcassets */ = {isa = PBXFileReference; lastKnownFileType = folder.assetcatalog; path = Images.xcassets; sourceTree = "<group>"; };
		15E2968C1B1F2542008F805B /* Base */ = {isa = PBXFileReference; lastKnownFileType = file.xib; name = Base; path = Base.lproj/LaunchScreen.xib; sourceTree = "<group>"; };
		15E296921B1F2542008F805B /* MOB-Lesson2-21Tests.xctest */ = {isa = PBXFileReference; explicitFileType = wrapper.cfbundle; includeInIndex = 0; path = "MOB-Lesson2-21Tests.xctest"; sourceTree = BUILT_PRODUCTS_DIR; };
		15E296971B1F2542008F805B /* Info.plist */ = {isa = PBXFileReference; lastKnownFileType = text.plist.xml; path = Info.plist; sourceTree = "<group>"; };
		15E296981B1F2542008F805B /* MOB_Lesson2_21Tests.swift */ = {isa = PBXFileReference; lastKnownFileType = sourcecode.swift; path = MOB_Lesson2_21Tests.swift; sourceTree = "<group>"; };
/* End PBXFileReference section */

/* Begin PBXFrameworksBuildPhase section */
		15E2967A1B1F2542008F805B /* Frameworks */ = {
			isa = PBXFrameworksBuildPhase;
			buildActionMask = 2147483647;
			files = (
			);
			runOnlyForDeploymentPostprocessing = 0;
		};
		15E2968F1B1F2542008F805B /* Frameworks */ = {
			isa = PBXFrameworksBuildPhase;
			buildActionMask = 2147483647;
			files = (
			);
			runOnlyForDeploymentPostprocessing = 0;
		};
/* End PBXFrameworksBuildPhase section */

/* Begin PBXGroup section */
		15E296741B1F2542008F805B = {
			isa = PBXGroup;
			children = (
				15E2967F1B1F2542008F805B /* MOB-Lesson2-21 */,
				15E296951B1F2542008F805B /* MOB-Lesson2-21Tests */,
				15E2967E1B1F2542008F805B /* Products */,
			);
			sourceTree = "<group>";
		};
		15E2967E1B1F2542008F805B /* Products */ = {
			isa = PBXGroup;
			children = (
				15E2967D1B1F2542008F805B /* MOB-Lesson2-21.app */,
				15E296921B1F2542008F805B /* MOB-Lesson2-21Tests.xctest */,
			);
			name = Products;
			sourceTree = "<group>";
		};
		15E2967F1B1F2542008F805B /* MOB-Lesson2-21 */ = {
			isa = PBXGroup;
			children = (
				15E296821B1F2542008F805B /* AppDelegate.swift */,
				15E296841B1F2542008F805B /* ViewController.swift */,
				15E296861B1F2542008F805B /* Main.storyboard */,
				15E296891B1F2542008F805B /* Images.xcassets */,
				15E2968B1B1F2542008F805B /* LaunchScreen.xib */,
				15E296801B1F2542008F805B /* Supporting Files */,
			);
			path = "MOB-Lesson2-21";
			sourceTree = "<group>";
		};
		15E296801B1F2542008F805B /* Supporting Files */ = {
			isa = PBXGroup;
			children = (
				15E296811B1F2542008F805B /* Info.plist */,
			);
			name = "Supporting Files";
			sourceTree = "<group>";
		};
		15E296951B1F2542008F805B /* MOB-Lesson2-21Tests */ = {
			isa = PBXGroup;
			children = (
				15E296981B1F2542008F805B /* MOB_Lesson2_21Tests.swift */,
				15E296961B1F2542008F805B /* Supporting Files */,
			);
			path = "MOB-Lesson2-21Tests";
			sourceTree = "<group>";
		};
		15E296961B1F2542008F805B /* Supporting Files */ = {
			isa = PBXGroup;
			children = (
				15E296971B1F2542008F805B /* Info.plist */,
			);
			name = "Supporting Files";
			sourceTree = "<group>";
		};
/* End PBXGroup section */

/* Begin PBXNativeTarget section */
		15E2967C1B1F2542008F805B /* MOB-Lesson2-21 */ = {
			isa = PBXNativeTarget;
			buildConfigurationList = 15E2969C1B1F2542008F805B /* Build configuration list for PBXNativeTarget "MOB-Lesson2-21" */;
			buildPhases = (
				15E296791B1F2542008F805B /* Sources */,
				15E2967A1B1F2542008F805B /* Frameworks */,
				15E2967B1B1F2542008F805B /* Resources */,
			);
			buildRules = (
			);
			dependencies = (
			);
			name = "MOB-Lesson2-21";
			productName = "MOB-Lesson2-21";
			productReference = 15E2967D1B1F2542008F805B /* MOB-Lesson2-21.app */;
			productType = "com.apple.product-type.application";
		};
		15E296911B1F2542008F805B /* MOB-Lesson2-21Tests */ = {
			isa = PBXNativeTarget;
			buildConfigurationList = 15E2969F1B1F2542008F805B /* Build configuration list for PBXNativeTarget "MOB-Lesson2-21Tests" */;
			buildPhases = (
				15E2968E1B1F2542008F805B /* Sources */,
				15E2968F1B1F2542008F805B /* Frameworks */,
				15E296901B1F2542008F805B /* Resources */,
			);
			buildRules = (
			);
			dependencies = (
				15E296941B1F2542008F805B /* PBXTargetDependency */,
			);
			name = "MOB-Lesson2-21Tests";
			productName = "MOB-Lesson2-21Tests";
			productReference = 15E296921B1F2542008F805B /* MOB-Lesson2-21Tests.xctest */;
			productType = "com.apple.product-type.bundle.unit-test";
		};
/* End PBXNativeTarget section */

/* Begin PBXProject section */
		15E296751B1F2542008F805B /* Project object */ = {
			isa = PBXProject;
			attributes = {
				LastUpgradeCheck = 0630;
				ORGANIZATIONNAME = "Francis Lu";
				TargetAttributes = {
					15E2967C1B1F2542008F805B = {
						CreatedOnToolsVersion = 6.3.1;
					};
					15E296911B1F2542008F805B = {
						CreatedOnToolsVersion = 6.3.1;
						TestTargetID = 15E2967C1B1F2542008F805B;
					};
				};
			};
			buildConfigurationList = 15E296781B1F2542008F805B /* Build configuration list for PBXProject "MOB-Lesson2-21" */;
			compatibilityVersion = "Xcode 3.2";
			developmentRegion = English;
			hasScannedForEncodings = 0;
			knownRegions = (
				en,
				Base,
			);
			mainGroup = 15E296741B1F2542008F805B;
			productRefGroup = 15E2967E1B1F2542008F805B /* Products */;
			projectDirPath = "";
			projectRoot = "";
			targets = (
				15E2967C1B1F2542008F805B /* MOB-Lesson2-21 */,
				15E296911B1F2542008F805B /* MOB-Lesson2-21Tests */,
			);
		};
/* End PBXProject section */

/* Begin PBXResourcesBuildPhase section */
		15E2967B1B1F2542008F805B /* Resources */ = {
			isa = PBXResourcesBuildPhase;
			buildActionMask = 2147483647;
			files = (
				15E296881B1F2542008F805B /* Main.storyboard in Resources */,
				15E2968D1B1F2542008F805B /* LaunchScreen.xib in Resources */,
				15E2968A1B1F2542008F805B /* Images.xcassets in Resources */,
			);
			runOnlyForDeploymentPostprocessing = 0;
		};
		15E296901B1F2542008F805B /* Resources */ = {
			isa = PBXResourcesBuildPhase;
			buildActionMask = 2147483647;
			files = (
			);
			runOnlyForDeploymentPostprocessing = 0;
		};
/* End PBXResourcesBuildPhase section */

/* Begin PBXSourcesBuildPhase section */
		15E296791B1F2542008F805B /* Sources */ = {
			isa = PBXSourcesBuildPhase;
			buildActionMask = 2147483647;
			files = (
				15E296851B1F2542008F805B /* ViewController.swift in Sources */,
				15E296831B1F2542008F805B /* AppDelegate.swift in Sources */,
			);
			runOnlyForDeploymentPostprocessing = 0;
		};
		15E2968E1B1F2542008F805B /* Sources */ = {
			isa = PBXSourcesBuildPhase;
			buildActionMask = 2147483647;
			files = (
				15E296991B1F2542008F805B /* MOB_Lesson2_21Tests.swift in Sources */,
			);
			runOnlyForDeploymentPostprocessing = 0;
		};
/* End PBXSourcesBuildPhase section */

/* Begin PBXTargetDependency section */
		15E296941B1F2542008F805B /* PBXTargetDependency */ = {
			isa = PBXTargetDependency;
			target = 15E2967C1B1F2542008F805B /* MOB-Lesson2-21 */;
			targetProxy = 15E296931B1F2542008F805B /* PBXContainerItemProxy */;
		};
/* End PBXTargetDependency section */

/* Begin PBXVariantGroup section */
		15E296861B1F2542008F805B /* Main.storyboard */ = {
			isa = PBXVariantGroup;
			children = (
				15E296871B1F2542008F805B /* Base */,
			);
			name = Main.storyboard;
			sourceTree = "<group>";
		};
		15E2968B1B1F2542008F805B /* LaunchScreen.xib */ = {
			isa = PBXVariantGroup;
			children = (
				15E2968C1B1F2542008F805B /* Base */,
			);
			name = LaunchScreen.xib;
			sourceTree = "<group>";
		};
/* End PBXVariantGroup section */

/* Begin XCBuildConfiguration section */
		15E2969A1B1F2542008F805B /* Debug */ = {
			isa = XCBuildConfiguration;
			buildSettings = {
				ALWAYS_SEARCH_USER_PATHS = NO;
				CLANG_CXX_LANGUAGE_STANDARD = "gnu++0x";
				CLANG_CXX_LIBRARY = "libc++";
				CLANG_ENABLE_MODULES = YES;
				CLANG_ENABLE_OBJC_ARC = YES;
				CLANG_WARN_BOOL_CONVERSION = YES;
				CLANG_WARN_CONSTANT_CONVERSION = YES;
				CLANG_WARN_DIRECT_OBJC_ISA_USAGE = YES_ERROR;
				CLANG_WARN_EMPTY_BODY = YES;
				CLANG_WARN_ENUM_CONVERSION = YES;
				CLANG_WARN_INT_CONVERSION = YES;
				CLANG_WARN_OBJC_ROOT_CLASS = YES_ERROR;
				CLANG_WARN_UNREACHABLE_CODE = YES;
				CLANG_WARN__DUPLICATE_METHOD_MATCH = YES;
				"CODE_SIGN_IDENTITY[sdk=iphoneos*]" = "iPhone Developer";
				COPY_PHASE_STRIP = NO;
				DEBUG_INFORMATION_FORMAT = "dwarf-with-dsym";
				ENABLE_STRICT_OBJC_MSGSEND = YES;
				GCC_C_LANGUAGE_STANDARD = gnu99;
				GCC_DYNAMIC_NO_PIC = NO;
				GCC_NO_COMMON_BLOCKS = YES;
				GCC_OPTIMIZATION_LEVEL = 0;
				GCC_PREPROCESSOR_DEFINITIONS = (
					"DEBUG=1",
					"$(inherited)",
				);
				GCC_SYMBOLS_PRIVATE_EXTERN = NO;
				GCC_WARN_64_TO_32_BIT_CONVERSION = YES;
				GCC_WARN_ABOUT_RETURN_TYPE = YES_ERROR;
				GCC_WARN_UNDECLARED_SELECTOR = YES;
				GCC_WARN_UNINITIALIZED_AUTOS = YES_AGGRESSIVE;
				GCC_WARN_UNUSED_FUNCTION = YES;
				GCC_WARN_UNUSED_VARIABLE = YES;
				IPHONEOS_DEPLOYMENT_TARGET = 8.3;
				MTL_ENABLE_DEBUG_INFO = YES;
				ONLY_ACTIVE_ARCH = YES;
				SDKROOT = iphoneos;
				SWIFT_OPTIMIZATION_LEVEL = "-Onone";
			};
			name = Debug;
		};
		15E2969B1B1F2542008F805B /* Release */ = {
			isa = XCBuildConfiguration;
			buildSettings = {
				ALWAYS_SEARCH_USER_PATHS = NO;
				CLANG_CXX_LANGUAGE_STANDARD = "gnu++0x";
				CLANG_CXX_LIBRARY = "libc++";
				CLANG_ENABLE_MODULES = YES;
				CLANG_ENABLE_OBJC_ARC = YES;
				CLANG_WARN_BOOL_CONVERSION = YES;
				CLANG_WARN_CONSTANT_CONVERSION = YES;
				CLANG_WARN_DIRECT_OBJC_ISA_USAGE = YES_ERROR;
				CLANG_WARN_EMPTY_BODY = YES;
				CLANG_WARN_ENUM_CONVERSION = YES;
				CLANG_WARN_INT_CONVERSION = YES;
				CLANG_WARN_OBJC_ROOT_CLASS = YES_ERROR;
				CLANG_WARN_UNREACHABLE_CODE = YES;
				CLANG_WARN__DUPLICATE_METHOD_MATCH = YES;
				"CODE_SIGN_IDENTITY[sdk=iphoneos*]" = "iPhone Developer";
				COPY_PHASE_STRIP = NO;
				DEBUG_INFORMATION_FORMAT = "dwarf-with-dsym";
				ENABLE_NS_ASSERTIONS = NO;
				ENABLE_STRICT_OBJC_MSGSEND = YES;
				GCC_C_LANGUAGE_STANDARD = gnu99;
				GCC_NO_COMMON_BLOCKS = YES;
				GCC_WARN_64_TO_32_BIT_CONVERSION = YES;
				GCC_WARN_ABOUT_RETURN_TYPE = YES_ERROR;
				GCC_WARN_UNDECLARED_SELECTOR = YES;
				GCC_WARN_UNINITIALIZED_AUTOS = YES_AGGRESSIVE;
				GCC_WARN_UNUSED_FUNCTION = YES;
				GCC_WARN_UNUSED_VARIABLE = YES;
				IPHONEOS_DEPLOYMENT_TARGET = 8.3;
				MTL_ENABLE_DEBUG_INFO = NO;
				SDKROOT = iphoneos;
				VALIDATE_PRODUCT = YES;
			};
			name = Release;
		};
		15E2969D1B1F2542008F805B /* Debug */ = {
			isa = XCBuildConfiguration;
			buildSettings = {
				ASSETCATALOG_COMPILER_APPICON_NAME = AppIcon;
				INFOPLIST_FILE = "MOB-Lesson2-21/Info.plist";
				LD_RUNPATH_SEARCH_PATHS = "$(inherited) @executable_path/Frameworks";
				PRODUCT_NAME = "$(TARGET_NAME)";
			};
			name = Debug;
		};
		15E2969E1B1F2542008F805B /* Release */ = {
			isa = XCBuildConfiguration;
			buildSettings = {
				ASSETCATALOG_COMPILER_APPICON_NAME = AppIcon;
				INFOPLIST_FILE = "MOB-Lesson2-21/Info.plist";
				LD_RUNPATH_SEARCH_PATHS = "$(inherited) @executable_path/Frameworks";
				PRODUCT_NAME = "$(TARGET_NAME)";
			};
			name = Release;
		};
		15E296A01B1F2542008F805B /* Debug */ = {
			isa = XCBuildConfiguration;
			buildSettings = {
				BUNDLE_LOADER = "$(TEST_HOST)";
				FRAMEWORK_SEARCH_PATHS = (
					"$(SDKROOT)/Developer/Library/Frameworks",
					"$(inherited)",
				);
				GCC_PREPROCESSOR_DEFINITIONS = (
					"DEBUG=1",
					"$(inherited)",
				);
				INFOPLIST_FILE = "MOB-Lesson2-21Tests/Info.plist";
				LD_RUNPATH_SEARCH_PATHS = "$(inherited) @executable_path/Frameworks @loader_path/Frameworks";
				PRODUCT_NAME = "$(TARGET_NAME)";
				TEST_HOST = "$(BUILT_PRODUCTS_DIR)/MOB-Lesson2-21.app/MOB-Lesson2-21";
			};
			name = Debug;
		};
		15E296A11B1F2542008F805B /* Release */ = {
			isa = XCBuildConfiguration;
			buildSettings = {
				BUNDLE_LOADER = "$(TEST_HOST)";
				FRAMEWORK_SEARCH_PATHS = (
					"$(SDKROOT)/Developer/Library/Frameworks",
					"$(inherited)",
				);
				INFOPLIST_FILE = "MOB-Lesson2-21Tests/Info.plist";
				LD_RUNPATH_SEARCH_PATHS = "$(inherited) @executable_path/Frameworks @loader_path/Frameworks";
				PRODUCT_NAME = "$(TARGET_NAME)";
				TEST_HOST = "$(BUILT_PRODUCTS_DIR)/MOB-Lesson2-21.app/MOB-Lesson2-21";
			};
			name = Release;
		};
/* End XCBuildConfiguration section */

/* Begin XCConfigurationList section */
		15E296781B1F2542008F805B /* Build configuration list for PBXProject "MOB-Lesson2-21" */ = {
			isa = XCConfigurationList;
			buildConfigurations = (
				15E2969A1B1F2542008F805B /* Debug */,
				15E2969B1B1F2542008F805B /* Release */,
			);
			defaultConfigurationIsVisible = 0;
			defaultConfigurationName = Release;
		};
		15E2969C1B1F2542008F805B /* Build configuration list for PBXNativeTarget "MOB-Lesson2-21" */ = {
			isa = XCConfigurationList;
			buildConfigurations = (
				15E2969D1B1F2542008F805B /* Debug */,
				15E2969E1B1F2542008F805B /* Release */,
			);
			defaultConfigurationIsVisible = 0;
		};
		15E2969F1B1F2542008F805B /* Build configuration list for PBXNativeTarget "MOB-Lesson2-21Tests" */ = {
			isa = XCConfigurationList;
			buildConfigurations = (
				15E296A01B1F2542008F805B /* Debug */,
				15E296A11B1F2542008F805B /* Release */,
			);
			defaultConfigurationIsVisible = 0;
		};
/* End XCConfigurationList section */
	};
	rootObject = 15E296751B1F2542008F805B /* Project object */;
}
